
Microsoft Visual Studio Solution File, Format Version 12.00
# Visual Studio Version 17
VisualStudioVersion = 17.5.33530.505
MinimumVisualStudioVersion = 10.0.40219.1
Project("{FAE04EC0-301F-11D3-BF4B-00C04F79EFBC}") = "BitmapLib", "BitmapLib.csproj", "{D957BC15-C1F1-4893-B9D6-15F74D5F2FC1}"
EndProject
Global
	GlobalSection(SolutionConfigurationPlatforms) = preSolution
		Debug|Any CPU = Debug|Any CPU
		Release|Any CPU = Release|Any CPU
	EndGlobalSection
	GlobalSection(ProjectConfigurationPlatforms) = postSolution
		{D957BC15-C1F1-4893-B9D6-15F74D5F2FC1}.Debug|Any CPU.ActiveCfg = Debug|Any CPU
		{D957BC15-C1F1-4893-B9D6-15F74D5F2FC1}.Debug|Any CPU.Build.0 = Debug|Any CPU
		{D957BC15-C1F1-4893-B9D6-15F74D5F2FC1}.Release|Any CPU.ActiveCfg = Release|Any CPU
		{D957BC15-C1F1-4893-B9D6-15F74D5F2FC1}.Release|Any CPU.Build.0 = Release|Any CPU
	EndGlobalSection
	GlobalSection(SolutionProperties) = preSolution
		HideSolutionNode = FALSE
	EndGlobalSection
	GlobalSection(ExtensibilityGlobals) = postSolution
		SolutionGuid = {EF4B4800-886F-4922-A960-83D56DA2DE67}
	EndGlobalSection
EndGlobal
